{
  "name": "cowlick-sexpr-compiler",
  "version": "0.0.1",
  "lockfileVersion": 1,
  "requires": true,
  "dependencies": {
    "bs-platform": {
      "version": "2.1.0",
      "resolved": "https://registry.npmjs.org/bs-platform/-/bs-platform-2.1.0.tgz",
      "integrity": "sha1-Y1YP+PcULJwGMVWd8cNVkLn22LI=",
      "dev": true
    },
    "minimist.re": {
      "version": "0.0.4",
      "resolved": "https://registry.npmjs.org/minimist.re/-/minimist.re-0.0.4.tgz",
      "integrity": "sha512-9LYtyW9H8iJK99wD/Z0XiIKCskdrc7OreUq8u9PCxbDiPieLX8a1osWH3iJMmE/CC7UkP/AJNPsRbwY/thoWHQ=="
    }
  }
}
